// !$*UTF8*$!
{
	archiveVersion = 1;
	classes = {
	};
	objectVersion = 55;
	objects = {

/* Begin PBXBuildFile section */
		CD1E24E0284C38F400A1F388 /* AppDelegate.swift in Sources */ = {isa = PBXBuildFile; fileRef = CD1E24DF284C38F400A1F388 /* AppDelegate.swift */; };
		CD1E24E2284C38F400A1F388 /* SceneDelegate.swift in Sources */ = {isa = PBXBuildFile; fileRef = CD1E24E1284C38F400A1F388 /* SceneDelegate.swift */; };
		CD1E24E4284C38F400A1F388 /* ViewController.swift in Sources */ = {isa = PBXBuildFile; fileRef = CD1E24E3284C38F400A1F388 /* ViewController.swift */; };
		CD1E24E7284C38F400A1F388 /* Main.storyboard in Resources */ = {isa = PBXBuildFile; fileRef = CD1E24E5284C38F400A1F388 /* Main.storyboard */; };
		CD1E24EA284C38F400A1F388 /* CodingChallenge.xcdatamodeld in Sources */ = {isa = PBXBuildFile; fileRef = CD1E24E8284C38F400A1F388 /* CodingChallenge.xcdatamodeld */; };
		CD1E24EC284C38F700A1F388 /* Assets.xcassets in Resources */ = {isa = PBXBuildFile; fileRef = CD1E24EB284C38F700A1F388 /* Assets.xcassets */; };
		CD1E24EF284C38F700A1F388 /* LaunchScreen.storyboard in Resources */ = {isa = PBXBuildFile; fileRef = CD1E24ED284C38F700A1F388 /* LaunchScreen.storyboard */; };
		CD1E24FA284C38F800A1F388 /* CodingChallengeTests.swift in Sources */ = {isa = PBXBuildFile; fileRef = CD1E24F9284C38F800A1F388 /* CodingChallengeTests.swift */; };
		CD1E2504284C38F800A1F388 /* CodingChallengeUITests.swift in Sources */ = {isa = PBXBuildFile; fileRef = CD1E2503284C38F800A1F388 /* CodingChallengeUITests.swift */; };
		CD1E2506284C38F800A1F388 /* CodingChallengeUITestsLaunchTests.swift in Sources */ = {isa = PBXBuildFile; fileRef = CD1E2505284C38F800A1F388 /* CodingChallengeUITestsLaunchTests.swift */; };
/* End PBXBuildFile section */

/* Begin PBXContainerItemProxy section */
		CD1E24F6284C38F800A1F388 /* PBXContainerItemProxy */ = {
			isa = PBXContainerItemProxy;
			containerPortal = CD1E24D4284C38F400A1F388 /* Project object */;
			proxyType = 1;
			remoteGlobalIDString = CD1E24DB284C38F400A1F388;
			remoteInfo = CodingChallenge;
		};
		CD1E2500284C38F800A1F388 /* PBXContainerItemProxy */ = {
			isa = PBXContainerItemProxy;
			containerPortal = CD1E24D4284C38F400A1F388 /* Project object */;
			proxyType = 1;
			remoteGlobalIDString = CD1E24DB284C38F400A1F388;
			remoteInfo = CodingChallenge;
		};
/* End PBXContainerItemProxy section */

/* Begin PBXFileReference section */
		CD1E24DC284C38F400A1F388 /* CodingChallenge.app */ = {isa = PBXFileReference; explicitFileType = wrapper.application; includeInIndex = 0; path = CodingChallenge.app; sourceTree = BUILT_PRODUCTS_DIR; };
		CD1E24DF284C38F400A1F388 /* AppDelegate.swift */ = {isa = PBXFileReference; lastKnownFileType = sourcecode.swift; path = AppDelegate.swift; sourceTree = "<group>"; };
		CD1E24E1284C38F400A1F388 /* SceneDelegate.swift */ = {isa = PBXFileReference; lastKnownFileType = sourcecode.swift; path = SceneDelegate.swift; sourceTree = "<group>"; };
		CD1E24E3284C38F400A1F388 /* ViewController.swift */ = {isa = PBXFileReference; lastKnownFileType = sourcecode.swift; path = ViewController.swift; sourceTree = "<group>"; };
		CD1E24E6284C38F400A1F388 /* Base */ = {isa = PBXFileReference; lastKnownFileType = file.storyboard; name = Base; path = Base.lproj/Main.storyboard; sourceTree = "<group>"; };
		CD1E24E9284C38F400A1F388 /* CodingChallenge.xcdatamodel */ = {isa = PBXFileReference; lastKnownFileType = wrapper.xcdatamodel; path = CodingChallenge.xcdatamodel; sourceTree = "<group>"; };
		CD1E24EB284C38F700A1F388 /* Assets.xcassets */ = {isa = PBXFileReference; lastKnownFileType = folder.assetcatalog; path = Assets.xcassets; sourceTree = "<group>"; };
		CD1E24EE284C38F700A1F388 /* Base */ = {isa = PBXFileReference; lastKnownFileType = file.storyboard; name = Base; path = Base.lproj/LaunchScreen.storyboard; sourceTree = "<group>"; };
		CD1E24F0284C38F700A1F388 /* Info.plist */ = {isa = PBXFileReference; lastKnownFileType = text.plist.xml; path = Info.plist; sourceTree = "<group>"; };
		CD1E24F5284C38F800A1F388 /* CodingChallengeTests.xctest */ = {isa = PBXFileReference; explicitFileType = wrapper.cfbundle; includeInIndex = 0; path = CodingChallengeTests.xctest; sourceTree = BUILT_PRODUCTS_DIR; };
		CD1E24F9284C38F800A1F388 /* CodingChallengeTests.swift */ = {isa = PBXFileReference; lastKnownFileType = sourcecode.swift; path = CodingChallengeTests.swift; sourceTree = "<group>"; };
		CD1E24FF284C38F800A1F388 /* CodingChallengeUITests.xctest */ = {isa = PBXFileReference; explicitFileType = wrapper.cfbundle; includeInIndex = 0; path = CodingChallengeUITests.xctest; sourceTree = BUILT_PRODUCTS_DIR; };
		CD1E2503284C38F800A1F388 /* CodingChallengeUITests.swift */ = {isa = PBXFileReference; lastKnownFileType = sourcecode.swift; path = CodingChallengeUITests.swift; sourceTree = "<group>"; };
		CD1E2505284C38F800A1F388 /* CodingChallengeUITestsLaunchTests.swift */ = {isa = PBXFileReference; lastKnownFileType = sourcecode.swift; path = CodingChallengeUITestsLaunchTests.swift; sourceTree = "<group>"; };
/* End PBXFileReference section */

/* Begin PBXFrameworksBuildPhase section */
		CD1E24D9284C38F400A1F388 /* Frameworks */ = {
			isa = PBXFrameworksBuildPhase;
			buildActionMask = 2147483647;
			files = (
			);
			runOnlyForDeploymentPostprocessing = 0;
		};
		CD1E24F2284C38F800A1F388 /* Frameworks */ = {
			isa = PBXFrameworksBuildPhase;
			buildActionMask = 2147483647;
			files = (
			);
			runOnlyForDeploymentPostprocessing = 0;
		};
		CD1E24FC284C38F800A1F388 /* Frameworks */ = {
			isa = PBXFrameworksBuildPhase;
			buildActionMask = 2147483647;
			files = (
			);
			runOnlyForDeploymentPostprocessing = 0;
		};
/* End PBXFrameworksBuildPhase section */

/* Begin PBXGroup section */
		CD1E24D3284C38F400A1F388 = {
			isa = PBXGroup;
			children = (
				CD1E24DE284C38F400A1F388 /* CodingChallenge */,
				CD1E24F8284C38F800A1F388 /* CodingChallengeTests */,
				CD1E2502284C38F800A1F388 /* CodingChallengeUITests */,
				CD1E24DD284C38F400A1F388 /* Products */,
			);
			sourceTree = "<group>";
		};
		CD1E24DD284C38F400A1F388 /* Products */ = {
			isa = PBXGroup;
			children = (
				CD1E24DC284C38F400A1F388 /* CodingChallenge.app */,
				CD1E24F5284C38F800A1F388 /* CodingChallengeTests.xctest */,
				CD1E24FF284C38F800A1F388 /* CodingChallengeUITests.xctest */,
			);
			name = Products;
			sourceTree = "<group>";
		};
		CD1E24DE284C38F400A1F388 /* CodingChallenge */ = {
			isa = PBXGroup;
			children = (
				CD1E24DF284C38F400A1F388 /* AppDelegate.swift */,
				CD1E24E1284C38F400A1F388 /* SceneDelegate.swift */,
				CD1E24E3284C38F400A1F388 /* ViewController.swift */,
				CD1E24E5284C38F400A1F388 /* Main.storyboard */,
				CD1E24EB284C38F700A1F388 /* Assets.xcassets */,
				CD1E24ED284C38F700A1F388 /* LaunchScreen.storyboard */,
				CD1E24F0284C38F700A1F388 /* Info.plist */,
				CD1E24E8284C38F400A1F388 /* CodingChallenge.xcdatamodeld */,
			);
			path = CodingChallenge;
			sourceTree = "<group>";
		};
		CD1E24F8284C38F800A1F388 /* CodingChallengeTests */ = {
			isa = PBXGroup;
			children = (
				CD1E24F9284C38F800A1F388 /* CodingChallengeTests.swift */,
			);
			path = CodingChallengeTests;
			sourceTree = "<group>";
		};
		CD1E2502284C38F800A1F388 /* CodingChallengeUITests */ = {
			isa = PBXGroup;
			children = (
				CD1E2503284C38F800A1F388 /* CodingChallengeUITests.swift */,
				CD1E2505284C38F800A1F388 /* CodingChallengeUITestsLaunchTests.swift */,
			);
			path = CodingChallengeUITests;
			sourceTree = "<group>";
		};
/* End PBXGroup section */

/* Begin PBXNativeTarget section */
		CD1E24DB284C38F400A1F388 /* CodingChallenge */ = {
			isa = PBXNativeTarget;
			buildConfigurationList = CD1E2509284C38F800A1F388 /* Build configuration list for PBXNativeTarget "CodingChallenge" */;
			buildPhases = (
				CD1E24D8284C38F400A1F388 /* Sources */,
				CD1E24D9284C38F400A1F388 /* Frameworks */,
				CD1E24DA284C38F400A1F388 /* Resources */,
			);
			buildRules = (
			);
			dependencies = (
			);
			name = CodingChallenge;
			productName = CodingChallenge;
			productReference = CD1E24DC284C38F400A1F388 /* CodingChallenge.app */;
			productType = "com.apple.product-type.application";
		};
		CD1E24F4284C38F800A1F388 /* CodingChallengeTests */ = {
			isa = PBXNativeTarget;
			buildConfigurationList = CD1E250C284C38F800A1F388 /* Build configuration list for PBXNativeTarget "CodingChallengeTests" */;
			buildPhases = (
				CD1E24F1284C38F800A1F388 /* Sources */,
				CD1E24F2284C38F800A1F388 /* Frameworks */,
				CD1E24F3284C38F800A1F388 /* Resources */,
			);
			buildRules = (
			);
			dependencies = (
				CD1E24F7284C38F800A1F388 /* PBXTargetDependency */,
			);
			name = CodingChallengeTests;
			productName = CodingChallengeTests;
			productReference = CD1E24F5284C38F800A1F388 /* CodingChallengeTests.xctest */;
			productType = "com.apple.product-type.bundle.unit-test";
		};
		CD1E24FE284C38F800A1F388 /* CodingChallengeUITests */ = {
			isa = PBXNativeTarget;
			buildConfigurationList = CD1E250F284C38F800A1F388 /* Build configuration list for PBXNativeTarget "CodingChallengeUITests" */;
			buildPhases = (
				CD1E24FB284C38F800A1F388 /* Sources */,
				CD1E24FC284C38F800A1F388 /* Frameworks */,
				CD1E24FD284C38F800A1F388 /* Resources */,
			);
			buildRules = (
			);
			dependencies = (
				CD1E2501284C38F800A1F388 /* PBXTargetDependency */,
			);
			name = CodingChallengeUITests;
			productName = CodingChallengeUITests;
			productReference = CD1E24FF284C38F800A1F388 /* CodingChallengeUITests.xctest */;
			productType = "com.apple.product-type.bundle.ui-testing";
		};
/* End PBXNativeTarget section */

/* Begin PBXProject section */
		CD1E24D4284C38F400A1F388 /* Project object */ = {
			isa = PBXProject;
			attributes = {
				BuildIndependentTargetsInParallel = 1;
				LastSwiftUpdateCheck = 1330;
				LastUpgradeCheck = 1330;
				TargetAttributes = {
					CD1E24DB284C38F400A1F388 = {
						CreatedOnToolsVersion = 13.3.1;
					};
					CD1E24F4284C38F800A1F388 = {
						CreatedOnToolsVersion = 13.3.1;
						TestTargetID = CD1E24DB284C38F400A1F388;
					};
					CD1E24FE284C38F800A1F388 = {
						CreatedOnToolsVersion = 13.3.1;
						TestTargetID = CD1E24DB284C38F400A1F388;
					};
				};
			};
			buildConfigurationList = CD1E24D7284C38F400A1F388 /* Build configuration list for PBXProject "CodingChallenge" */;
			compatibilityVersion = "Xcode 13.0";
			developmentRegion = en;
			hasScannedForEncodings = 0;
			knownRegions = (
				en,
				Base,
			);
			mainGroup = CD1E24D3284C38F400A1F388;
			productRefGroup = CD1E24DD284C38F400A1F388 /* Products */;
			projectDirPath = "";
			projectRoot = "";
			targets = (
				CD1E24DB284C38F400A1F388 /* CodingChallenge */,
				CD1E24F4284C38F800A1F388 /* CodingChallengeTests */,
				CD1E24FE284C38F800A1F388 /* CodingChallengeUITests */,
			);
		};
/* End PBXProject section */

/* Begin PBXResourcesBuildPhase section */
		CD1E24DA284C38F400A1F388 /* Resources */ = {
			isa = PBXResourcesBuildPhase;
			buildActionMask = 2147483647;
			files = (
				CD1E24EF284C38F700A1F388 /* LaunchScreen.storyboard in Resources */,
				CD1E24EC284C38F700A1F388 /* Assets.xcassets in Resources */,
				CD1E24E7284C38F400A1F388 /* Main.storyboard in Resources */,
			);
			runOnlyForDeploymentPostprocessing = 0;
		};
		CD1E24F3284C38F800A1F388 /* Resources */ = {
			isa = PBXResourcesBuildPhase;
			buildActionMask = 2147483647;
			files = (
			);
			runOnlyForDeploymentPostprocessing = 0;
		};
		CD1E24FD284C38F800A1F388 /* Resources */ = {
			isa = PBXResourcesBuildPhase;
			buildActionMask = 2147483647;
			files = (
			);
			runOnlyForDeploymentPostprocessing = 0;
		};
/* End PBXResourcesBuildPhase section */

/* Begin PBXSourcesBuildPhase section */
		CD1E24D8284C38F400A1F388 /* Sources */ = {
			isa = PBXSourcesBuildPhase;
			buildActionMask = 2147483647;
			files = (
				CD1E24E4284C38F400A1F388 /* ViewController.swift in Sources */,
				CD1E24E0284C38F400A1F388 /* AppDelegate.swift in Sources */,
				CD1E24E2284C38F400A1F388 /* SceneDelegate.swift in Sources */,
				CD1E24EA284C38F400A1F388 /* CodingChallenge.xcdatamodeld in Sources */,
			);
			runOnlyForDeploymentPostprocessing = 0;
		};
		CD1E24F1284C38F800A1F388 /* Sources */ = {
			isa = PBXSourcesBuildPhase;
			buildActionMask = 2147483647;
			files = (
				CD1E24FA284C38F800A1F388 /* CodingChallengeTests.swift in Sources */,
			);
			runOnlyForDeploymentPostprocessing = 0;
		};
		CD1E24FB284C38F800A1F388 /* Sources */ = {
			isa = PBXSourcesBuildPhase;
			buildActionMask = 2147483647;
			files = (
				CD1E2506284C38F800A1F388 /* CodingChallengeUITestsLaunchTests.swift in Sources */,
				CD1E2504284C38F800A1F388 /* CodingChallengeUITests.swift in Sources */,
			);
			runOnlyForDeploymentPostprocessing = 0;
		};
/* End PBXSourcesBuildPhase section */

/* Begin PBXTargetDependency section */
		CD1E24F7284C38F800A1F388 /* PBXTargetDependency */ = {
			isa = PBXTargetDependency;
			target = CD1E24DB284C38F400A1F388 /* CodingChallenge */;
			targetProxy = CD1E24F6284C38F800A1F388 /* PBXContainerItemProxy */;
		};
		CD1E2501284C38F800A1F388 /* PBXTargetDependency */ = {
			isa = PBXTargetDependency;
			target = CD1E24DB284C38F400A1F388 /* CodingChallenge */;
			targetProxy = CD1E2500284C38F800A1F388 /* PBXContainerItemProxy */;
		};
/* End PBXTargetDependency section */

/* Begin PBXVariantGroup section */
		CD1E24E5284C38F400A1F388 /* Main.storyboard */ = {
			isa = PBXVariantGroup;
			children = (
				CD1E24E6284C38F400A1F388 /* Base */,
			);
			name = Main.storyboard;
			sourceTree = "<group>";
		};
		CD1E24ED284C38F700A1F388 /* LaunchScreen.storyboard */ = {
			isa = PBXVariantGroup;
			children = (
				CD1E24EE284C38F700A1F388 /* Base */,
			);
			name = LaunchScreen.storyboard;
			sourceTree = "<group>";
		};
/* End PBXVariantGroup section */

/* Begin XCBuildConfiguration section */
		CD1E2507284C38F800A1F388 /* Debug */ = {
			isa = XCBuildConfiguration;
			buildSettings = {
				ALWAYS_SEARCH_USER_PATHS = NO;
				CLANG_ANALYZER_NONNULL = YES;
				CLANG_ANALYZER_NUMBER_OBJECT_CONVERSION = YES_AGGRESSIVE;
				CLANG_CXX_LANGUAGE_STANDARD = "gnu++17";
				CLANG_ENABLE_MODULES = YES;
				CLANG_ENABLE_OBJC_ARC = YES;
				CLANG_ENABLE_OBJC_WEAK = YES;
				CLANG_WARN_BLOCK_CAPTURE_AUTORELEASING = YES;
				CLANG_WARN_BOOL_CONVERSION = YES;
				CLANG_WARN_COMMA = YES;
				CLANG_WARN_CONSTANT_CONVERSION = YES;
				CLANG_WARN_DEPRECATED_OBJC_IMPLEMENTATIONS = YES;
				CLANG_WARN_DIRECT_OBJC_ISA_USAGE = YES_ERROR;
				CLANG_WARN_DOCUMENTATION_COMMENTS = YES;
				CLANG_WARN_EMPTY_BODY = YES;
				CLANG_WARN_ENUM_CONVERSION = YES;
				CLANG_WARN_INFINITE_RECURSION = YES;
				CLANG_WARN_INT_CONVERSION = YES;
				CLANG_WARN_NON_LITERAL_NULL_CONVERSION = YES;
				CLANG_WARN_OBJC_IMPLICIT_RETAIN_SELF = YES;
				CLANG_WARN_OBJC_LITERAL_CONVERSION = YES;
				CLANG_WARN_OBJC_ROOT_CLASS = YES_ERROR;
				CLANG_WARN_QUOTED_INCLUDE_IN_FRAMEWORK_HEADER = YES;
				CLANG_WARN_RANGE_LOOP_ANALYSIS = YES;
				CLANG_WARN_STRICT_PROTOTYPES = YES;
				CLANG_WARN_SUSPICIOUS_MOVE = YES;
				CLANG_WARN_UNGUARDED_AVAILABILITY = YES_AGGRESSIVE;
				CLANG_WARN_UNREACHABLE_CODE = YES;
				CLANG_WARN__DUPLICATE_METHOD_MATCH = YES;
				COPY_PHASE_STRIP = NO;
				DEBUG_INFORMATION_FORMAT = dwarf;
				ENABLE_STRICT_OBJC_MSGSEND = YES;
				ENABLE_TESTABILITY = YES;
				GCC_C_LANGUAGE_STANDARD = gnu11;
				GCC_DYNAMIC_NO_PIC = NO;
				GCC_NO_COMMON_BLOCKS = YES;
				GCC_OPTIMIZATION_LEVEL = 0;
				GCC_PREPROCESSOR_DEFINITIONS = (
					"DEBUG=1",
					"$(inherited)",
				);
				GCC_WARN_64_TO_32_BIT_CONVERSION = YES;
				GCC_WARN_ABOUT_RETURN_TYPE = YES_ERROR;
				GCC_WARN_UNDECLARED_SELECTOR = YES;
				GCC_WARN_UNINITIALIZED_AUTOS = YES_AGGRESSIVE;
				GCC_WARN_UNUSED_FUNCTION = YES;
				GCC_WARN_UNUSED_VARIABLE = YES;
				IPHONEOS_DEPLOYMENT_TARGET = 15.4;
				MTL_ENABLE_DEBUG_INFO = INCLUDE_SOURCE;
				MTL_FAST_MATH = YES;
				ONLY_ACTIVE_ARCH = YES;
				SDKROOT = iphoneos;
				SWIFT_ACTIVE_COMPILATION_CONDITIONS = DEBUG;
				SWIFT_OPTIMIZATION_LEVEL = "-Onone";
			};
			name = Debug;
		};
		CD1E2508284C38F800A1F388 /* Release */ = {
			isa = XCBuildConfiguration;
			buildSettings = {
				ALWAYS_SEARCH_USER_PATHS = NO;
				CLANG_ANALYZER_NONNULL = YES;
				CLANG_ANALYZER_NUMBER_OBJECT_CONVERSION = YES_AGGRESSIVE;
				CLANG_CXX_LANGUAGE_STANDARD = "gnu++17";
				CLANG_ENABLE_MODULES = YES;
				CLANG_ENABLE_OBJC_ARC = YES;
				CLANG_ENABLE_OBJC_WEAK = YES;
				CLANG_WARN_BLOCK_CAPTURE_AUTORELEASING = YES;
				CLANG_WARN_BOOL_CONVERSION = YES;
				CLANG_WARN_COMMA = YES;
				CLANG_WARN_CONSTANT_CONVERSION = YES;
				CLANG_WARN_DEPRECATED_OBJC_IMPLEMENTATIONS = YES;
				CLANG_WARN_DIRECT_OBJC_ISA_USAGE = YES_ERROR;
				CLANG_WARN_DOCUMENTATION_COMMENTS = YES;
				CLANG_WARN_EMPTY_BODY = YES;
				CLANG_WARN_ENUM_CONVERSION = YES;
				CLANG_WARN_INFINITE_RECURSION = YES;
				CLANG_WARN_INT_CONVERSION = YES;
				CLANG_WARN_NON_LITERAL_NULL_CONVERSION = YES;
				CLANG_WARN_OBJC_IMPLICIT_RETAIN_SELF = YES;
				CLANG_WARN_OBJC_LITERAL_CONVERSION = YES;
				CLANG_WARN_OBJC_ROOT_CLASS = YES_ERROR;
				CLANG_WARN_QUOTED_INCLUDE_IN_FRAMEWORK_HEADER = YES;
				CLANG_WARN_RANGE_LOOP_ANALYSIS = YES;
				CLANG_WARN_STRICT_PROTOTYPES = YES;
				CLANG_WARN_SUSPICIOUS_MOVE = YES;
				CLANG_WARN_UNGUARDED_AVAILABILITY = YES_AGGRESSIVE;
				CLANG_WARN_UNREACHABLE_CODE = YES;
				CLANG_WARN__DUPLICATE_METHOD_MATCH = YES;
				COPY_PHASE_STRIP = NO;
				DEBUG_INFORMATION_FORMAT = "dwarf-with-dsym";
				ENABLE_NS_ASSERTIONS = NO;
				ENABLE_STRICT_OBJC_MSGSEND = YES;
				GCC_C_LANGUAGE_STANDARD = gnu11;
				GCC_NO_COMMON_BLOCKS = YES;
				GCC_WARN_64_TO_32_BIT_CONVERSION = YES;
				GCC_WARN_ABOUT_RETURN_TYPE = YES_ERROR;
				GCC_WARN_UNDECLARED_SELECTOR = YES;
				GCC_WARN_UNINITIALIZED_AUTOS = YES_AGGRESSIVE;
				GCC_WARN_UNUSED_FUNCTION = YES;
				GCC_WARN_UNUSED_VARIABLE = YES;
				IPHONEOS_DEPLOYMENT_TARGET = 15.4;
				MTL_ENABLE_DEBUG_INFO = NO;
				MTL_FAST_MATH = YES;
				SDKROOT = iphoneos;
				SWIFT_COMPILATION_MODE = wholemodule;
				SWIFT_OPTIMIZATION_LEVEL = "-O";
				VALIDATE_PRODUCT = YES;
			};
			name = Release;
		};
		CD1E250A284C38F800A1F388 /* Debug */ = {
			isa = XCBuildConfiguration;
			buildSettings = {
				ASSETCATALOG_COMPILER_APPICON_NAME = AppIcon;
				ASSETCATALOG_COMPILER_GLOBAL_ACCENT_COLOR_NAME = AccentColor;
				CODE_SIGN_STYLE = Automatic;
				CURRENT_PROJECT_VERSION = 1;
				DEVELOPMENT_TEAM = 4K5X72J842;
				GENERATE_INFOPLIST_FILE = YES;
				INFOPLIST_FILE = CodingChallenge/Info.plist;
				INFOPLIST_KEY_UIApplicationSupportsIndirectInputEvents = YES;
				INFOPLIST_KEY_UILaunchStoryboardName = LaunchScreen;
				INFOPLIST_KEY_UIMainStoryboardFile = Main;
				INFOPLIST_KEY_UISupportedInterfaceOrientations_iPad = "UIInterfaceOrientationPortrait UIInterfaceOrientationPortraitUpsideDown UIInterfaceOrientationLandscapeLeft UIInterfaceOrientationLandscapeRight";
				INFOPLIST_KEY_UISupportedInterfaceOrientations_iPhone = "UIInterfaceOrientationPortrait UIInterfaceOrientationLandscapeLeft UIInterfaceOrientationLandscapeRight";
				LD_RUNPATH_SEARCH_PATHS = (
					"$(inherited)",
					"@executable_path/Frameworks",
				);
				MARKETING_VERSION = 1.0;
				PRODUCT_BUNDLE_IDENTIFIER = com.demo.CodingChallenge;
				PRODUCT_NAME = "$(TARGET_NAME)";
				SWIFT_EMIT_LOC_STRINGS = YES;
				SWIFT_VERSION = 5.0;
				TARGETED_DEVICE_FAMILY = "1,2";
			};
			name = Debug;
		};
		CD1E250B284C38F800A1F388 /* Release */ = {
			isa = XCBuildConfiguration;
			buildSettings = {
				ASSETCATALOG_COMPILER_APPICON_NAME = AppIcon;
				ASSETCATALOG_COMPILER_GLOBAL_ACCENT_COLOR_NAME = AccentColor;
				CODE_SIGN_STYLE = Automatic;
				CURRENT_PROJECT_VERSION = 1;
				DEVELOPMENT_TEAM = 4K5X72J842;
				GENERATE_INFOPLIST_FILE = YES;
				INFOPLIST_FILE = CodingChallenge/Info.plist;
				INFOPLIST_KEY_UIApplicationSupportsIndirectInputEvents = YES;
				INFOPLIST_KEY_UILaunchStoryboardName = LaunchScreen;
				INFOPLIST_KEY_UIMainStoryboardFile = Main;
				INFOPLIST_KEY_UISupportedInterfaceOrientations_iPad = "UIInterfaceOrientationPortrait UIInterfaceOrientationPortraitUpsideDown UIInterfaceOrientationLandscapeLeft UIInterfaceOrientationLandscapeRight";
				INFOPLIST_KEY_UISupportedInterfaceOrientations_iPhone = "UIInterfaceOrientationPortrait UIInterfaceOrientationLandscapeLeft UIInterfaceOrientationLandscapeRight";
				LD_RUNPATH_SEARCH_PATHS = (
					"$(inherited)",
					"@executable_path/Frameworks",
				);
				MARKETING_VERSION = 1.0;
				PRODUCT_BUNDLE_IDENTIFIER = com.demo.CodingChallenge;
				PRODUCT_NAME = "$(TARGET_NAME)";
				SWIFT_EMIT_LOC_STRINGS = YES;
				SWIFT_VERSION = 5.0;
				TARGETED_DEVICE_FAMILY = "1,2";
			};
			name = Release;
		};
		CD1E250D284C38F800A1F388 /* Debug */ = {
			isa = XCBuildConfiguration;
			buildSettings = {
				ALWAYS_EMBED_SWIFT_STANDARD_LIBRARIES = YES;
				BUNDLE_LOADER = "$(TEST_HOST)";
				CODE_SIGN_STYLE = Automatic;
				CURRENT_PROJECT_VERSION = 1;
				DEVELOPMENT_TEAM = 4K5X72J842;
				GENERATE_INFOPLIST_FILE = YES;
				IPHONEOS_DEPLOYMENT_TARGET = 15.4;
				MARKETING_VERSION = 1.0;
				PRODUCT_BUNDLE_IDENTIFIER = com.demo.CodingChallengeTests;
				PRODUCT_NAME = "$(TARGET_NAME)";
				SWIFT_EMIT_LOC_STRINGS = NO;
				SWIFT_VERSION = 5.0;
				TARGETED_DEVICE_FAMILY = "1,2";
				TEST_HOST = "$(BUILT_PRODUCTS_DIR)/CodingChallenge.app/CodingChallenge";
			};
			name = Debug;
		};
		CD1E250E284C38F800A1F388 /* Release */ = {
			isa = XCBuildConfiguration;
			buildSettings = {
				ALWAYS_EMBED_SWIFT_STANDARD_LIBRARIES = YES;
				BUNDLE_LOADER = "$(TEST_HOST)";
				CODE_SIGN_STYLE = Automatic;
				CURRENT_PROJECT_VERSION = 1;
				DEVELOPMENT_TEAM = 4K5X72J842;
				GENERATE_INFOPLIST_FILE = YES;
				IPHONEOS_DEPLOYMENT_TARGET = 15.4;
				MARKETING_VERSION = 1.0;
				PRODUCT_BUNDLE_IDENTIFIER = com.demo.CodingChallengeTests;
				PRODUCT_NAME = "$(TARGET_NAME)";
				SWIFT_EMIT_LOC_STRINGS = NO;
				SWIFT_VERSION = 5.0;
				TARGETED_DEVICE_FAMILY = "1,2";
				TEST_HOST = "$(BUILT_PRODUCTS_DIR)/CodingChallenge.app/CodingChallenge";
			};
			name = Release;
		};
		CD1E2510284C38F800A1F388 /* Debug */ = {
			isa = XCBuildConfiguration;
			buildSettings = {
				ALWAYS_EMBED_SWIFT_STANDARD_LIBRARIES = YES;
				CODE_SIGN_STYLE = Automatic;
				CURRENT_PROJECT_VERSION = 1;
				DEVELOPMENT_TEAM = 4K5X72J842;
				GENERATE_INFOPLIST_FILE = YES;
				MARKETING_VERSION = 1.0;
				PRODUCT_BUNDLE_IDENTIFIER = com.demo.CodingChallengeUITests;
				PRODUCT_NAME = "$(TARGET_NAME)";
				SWIFT_EMIT_LOC_STRINGS = NO;
				SWIFT_VERSION = 5.0;
				TARGETED_DEVICE_FAMILY = "1,2";
				TEST_TARGET_NAME = CodingChallenge;
			};
			name = Debug;
		};
		CD1E2511284C38F800A1F388 /* Release */ = {
			isa = XCBuildConfiguration;
			buildSettings = {
				ALWAYS_EMBED_SWIFT_STANDARD_LIBRARIES = YES;
				CODE_SIGN_STYLE = Automatic;
				CURRENT_PROJECT_VERSION = 1;
				DEVELOPMENT_TEAM = 4K5X72J842;
				GENERATE_INFOPLIST_FILE = YES;
				MARKETING_VERSION = 1.0;
				PRODUCT_BUNDLE_IDENTIFIER = com.demo.CodingChallengeUITests;
				PRODUCT_NAME = "$(TARGET_NAME)";
				SWIFT_EMIT_LOC_STRINGS = NO;
				SWIFT_VERSION = 5.0;
				TARGETED_DEVICE_FAMILY = "1,2";
				TEST_TARGET_NAME = CodingChallenge;
			};
			name = Release;
		};
/* End XCBuildConfiguration section */

/* Begin XCConfigurationList section */
		CD1E24D7284C38F400A1F388 /* Build configuration list for PBXProject "CodingChallenge" */ = {
			isa = XCConfigurationList;
			buildConfigurations = (
				CD1E2507284C38F800A1F388 /* Debug */,
				CD1E2508284C38F800A1F388 /* Release */,
			);
			defaultConfigurationIsVisible = 0;
			defaultConfigurationName = Release;
		};
		CD1E2509284C38F800A1F388 /* Build configuration list for PBXNativeTarget "CodingChallenge" */ = {
			isa = XCConfigurationList;
			buildConfigurations = (
				CD1E250A284C38F800A1F388 /* Debug */,
				CD1E250B284C38F800A1F388 /* Release */,
			);
			defaultConfigurationIsVisible = 0;
			defaultConfigurationName = Release;
		};
		CD1E250C284C38F800A1F388 /* Build configuration list for PBXNativeTarget "CodingChallengeTests" */ = {
			isa = XCConfigurationList;
			buildConfigurations = (
				CD1E250D284C38F800A1F388 /* Debug */,
				CD1E250E284C38F800A1F388 /* Release */,
			);
			defaultConfigurationIsVisible = 0;
			defaultConfigurationName = Release;
		};
		CD1E250F284C38F800A1F388 /* Build configuration list for PBXNativeTarget "CodingChallengeUITests" */ = {
			isa = XCConfigurationList;
			buildConfigurations = (
				CD1E2510284C38F800A1F388 /* Debug */,
				CD1E2511284C38F800A1F388 /* Release */,
			);
			defaultConfigurationIsVisible = 0;
			defaultConfigurationName = Release;
		};
/* End XCConfigurationList section */

/* Begin XCVersionGroup section */
		CD1E24E8284C38F400A1F388 /* CodingChallenge.xcdatamodeld */ = {
			isa = XCVersionGroup;
			children = (
				CD1E24E9284C38F400A1F388 /* CodingChallenge.xcdatamodel */,
			);
			currentVersion = CD1E24E9284C38F400A1F388 /* CodingChallenge.xcdatamodel */;
			path = CodingChallenge.xcdatamodeld;
			sourceTree = "<group>";
			versionGroupType = wrapper.xcdatamodel;
		};
/* End XCVersionGroup section */
	};
	rootObject = CD1E24D4284C38F400A1F388 /* Project object */;
}
